// !$*UTF8*$!
{
	archiveVersion = 1;
	classes = {
	};
	objectVersion = 46;
	objects = {

/* Begin PBXBuildFile section */
		271335921B97C35200D70EA3 /* AppDelegate.swift in Sources */ = {isa = PBXBuildFile; fileRef = 271335911B97C35200D70EA3 /* AppDelegate.swift */; };
		271335941B97C35200D70EA3 /* ViewController.swift in Sources */ = {isa = PBXBuildFile; fileRef = 271335931B97C35200D70EA3 /* ViewController.swift */; };
		271335971B97C35200D70EA3 /* Main.storyboard in Resources */ = {isa = PBXBuildFile; fileRef = 271335951B97C35200D70EA3 /* Main.storyboard */; };
		271335991B97C35200D70EA3 /* Images.xcassets in Resources */ = {isa = PBXBuildFile; fileRef = 271335981B97C35200D70EA3 /* Images.xcassets */; };
		2713359C1B97C35200D70EA3 /* LaunchScreen.xib in Resources */ = {isa = PBXBuildFile; fileRef = 2713359A1B97C35200D70EA3 /* LaunchScreen.xib */; };
		271335A81B97C35200D70EA3 /* FiveTestTests.swift in Sources */ = {isa = PBXBuildFile; fileRef = 271335A71B97C35200D70EA3 /* FiveTestTests.swift */; };
		271335C01B97C3C100D70EA3 /* AudioToolbox.framework in Frameworks */ = {isa = PBXBuildFile; fileRef = 271335BF1B97C3C100D70EA3 /* AudioToolbox.framework */; };
		271335C21B97C3CB00D70EA3 /* CoreLocation.framework in Frameworks */ = {isa = PBXBuildFile; fileRef = 271335C11B97C3CB00D70EA3 /* CoreLocation.framework */; };
		271335C41B97C3D800D70EA3 /* CoreGraphics.framework in Frameworks */ = {isa = PBXBuildFile; fileRef = 271335C31B97C3D800D70EA3 /* CoreGraphics.framework */; };
		271335C61B97C3E100D70EA3 /* CFNetwork.framework in Frameworks */ = {isa = PBXBuildFile; fileRef = 271335C51B97C3E100D70EA3 /* CFNetwork.framework */; };
		271335C81B97C3EE00D70EA3 /* QuartzCore.framework in Frameworks */ = {isa = PBXBuildFile; fileRef = 271335C71B97C3EE00D70EA3 /* QuartzCore.framework */; };
		271335CA1B97C3F500D70EA3 /* Security.framework in Frameworks */ = {isa = PBXBuildFile; fileRef = 271335C91B97C3F500D70EA3 /* Security.framework */; };
		271335CE1B97C40C00D70EA3 /* SystemConfiguration.framework in Frameworks */ = {isa = PBXBuildFile; fileRef = 271335CD1B97C40C00D70EA3 /* SystemConfiguration.framework */; };
		272CCB4A1BD57EA10010E6DD /* libz.tbd in Frameworks */ = {isa = PBXBuildFile; fileRef = 272CCB491BD57EA10010E6DD /* libz.tbd */; };
		272CCB4C1BD57EB90010E6DD /* libsqlite3.tbd in Frameworks */ = {isa = PBXBuildFile; fileRef = 272CCB4B1BD57EB90010E6DD /* libsqlite3.tbd */; };
		273521BF1C3C4F8900722B0F /* UserButton.swift in Sources */ = {isa = PBXBuildFile; fileRef = 273521BE1C3C4F8900722B0F /* UserButton.swift */; settings = {ASSET_TAGS = (); }; };
		2755E0FD1BE0080F0005C19E /* LocationsDetailViewController.swift in Sources */ = {isa = PBXBuildFile; fileRef = 2755E0FC1BE0080F0005C19E /* LocationsDetailViewController.swift */; settings = {ASSET_TAGS = (); }; };
		27B1E2031BE045C200ACA4B0 /* ModalViewController.swift in Sources */ = {isa = PBXBuildFile; fileRef = 27B1E2021BE045C200ACA4B0 /* ModalViewController.swift */; settings = {ASSET_TAGS = (); }; };
		27B1E2061BE146A400ACA4B0 /* EventController.swift in Sources */ = {isa = PBXBuildFile; fileRef = 27B1E2051BE146A400ACA4B0 /* EventController.swift */; settings = {ASSET_TAGS = (); }; };
		27C093AD1B98C5DC006C9FD4 /* CreateProfileViewController.swift in Sources */ = {isa = PBXBuildFile; fileRef = 27C093AC1B98C5DC006C9FD4 /* CreateProfileViewController.swift */; };
		27C093AF1B98C5F0006C9FD4 /* CreateEventViewController.swift in Sources */ = {isa = PBXBuildFile; fileRef = 27C093AE1B98C5F0006C9FD4 /* CreateEventViewController.swift */; };
		27C093B11B98C604006C9FD4 /* CalenderViewController.swift in Sources */ = {isa = PBXBuildFile; fileRef = 27C093B01B98C604006C9FD4 /* CalenderViewController.swift */; };
		27C093B31B98C80E006C9FD4 /* EventCell.swift in Sources */ = {isa = PBXBuildFile; fileRef = 27C093B21B98C80E006C9FD4 /* EventCell.swift */; };
		27C093B51B98C8C1006C9FD4 /* Event.swift in Sources */ = {isa = PBXBuildFile; fileRef = 27C093B41B98C8C1006C9FD4 /* Event.swift */; };
		27C093B71B98C926006C9FD4 /* EventCollectionViewController.swift in Sources */ = {isa = PBXBuildFile; fileRef = 27C093B61B98C926006C9FD4 /* EventCollectionViewController.swift */; };
		27C093BB1B9910DE006C9FD4 /* CircularCollectionViewLayout.swift in Sources */ = {isa = PBXBuildFile; fileRef = 27C093BA1B9910DE006C9FD4 /* CircularCollectionViewLayout.swift */; };
		27C094D71BA0B98D006C9FD4 /* Profile.swift in Sources */ = {isa = PBXBuildFile; fileRef = 27C094D61BA0B98D006C9FD4 /* Profile.swift */; };
		27C094F31BA0E154006C9FD4 /* Bolts.framework in Frameworks */ = {isa = PBXBuildFile; fileRef = 27C094EC1BA0E154006C9FD4 /* Bolts.framework */; };
		27C094F41BA0E154006C9FD4 /* Parse.framework in Frameworks */ = {isa = PBXBuildFile; fileRef = 27C094ED1BA0E154006C9FD4 /* Parse.framework */; };
		27C094F51BA0E154006C9FD4 /* ParseCrashReporting.framework in Frameworks */ = {isa = PBXBuildFile; fileRef = 27C094EE1BA0E154006C9FD4 /* ParseCrashReporting.framework */; };
		27C094F61BA0E154006C9FD4 /* ParseFacebookUtils.framework in Frameworks */ = {isa = PBXBuildFile; fileRef = 27C094EF1BA0E154006C9FD4 /* ParseFacebookUtils.framework */; };
		27C094F71BA0E154006C9FD4 /* ParseFacebookUtilsV4.framework in Frameworks */ = {isa = PBXBuildFile; fileRef = 27C094F01BA0E154006C9FD4 /* ParseFacebookUtilsV4.framework */; };
		27C094F81BA0E154006C9FD4 /* ParseTwitterUtils.framework in Frameworks */ = {isa = PBXBuildFile; fileRef = 27C094F11BA0E154006C9FD4 /* ParseTwitterUtils.framework */; };
		27C094F91BA0E154006C9FD4 /* ParseUI.framework in Frameworks */ = {isa = PBXBuildFile; fileRef = 27C094F21BA0E154006C9FD4 /* ParseUI.framework */; };
		27C3159C1BB1EF7B008BD458 /* LocationsViewController.swift in Sources */ = {isa = PBXBuildFile; fileRef = 27C3159B1BB1EF7B008BD458 /* LocationsViewController.swift */; };
		27C3159E1BB20708008BD458 /* LocationCell.swift in Sources */ = {isa = PBXBuildFile; fileRef = 27C3159D1BB20708008BD458 /* LocationCell.swift */; };
		27C37A8C1BC46E4100695FC5 /* EventCellTwo.swift in Sources */ = {isa = PBXBuildFile; fileRef = 27C37A8B1BC46E4100695FC5 /* EventCellTwo.swift */; };
		27D6A6441BE94EC0005383D8 /* ProfileViewController.swift in Sources */ = {isa = PBXBuildFile; fileRef = 27D6A6431BE94EC0005383D8 /* ProfileViewController.swift */; settings = {ASSET_TAGS = (); }; };
		27FD45C81BB1ECFF002BCF13 /* Podfile in Resources */ = {isa = PBXBuildFile; fileRef = 27FD45C71BB1ECFF002BCF13 /* Podfile */; };
		EED1A70A031D6FAB609DE1FB /* Pods.framework in Frameworks */ = {isa = PBXBuildFile; fileRef = C8C92DCD547CD24D37130338 /* Pods.framework */; settings = {ATTRIBUTES = (Weak, ); }; };
/* End PBXBuildFile section */

/* Begin PBXContainerItemProxy section */
		271335A21B97C35200D70EA3 /* PBXContainerItemProxy */ = {
			isa = PBXContainerItemProxy;
			containerPortal = 271335841B97C35200D70EA3 /* Project object */;
			proxyType = 1;
			remoteGlobalIDString = 2713358B1B97C35200D70EA3;
			remoteInfo = FiveTest;
		};
/* End PBXContainerItemProxy section */

/* Begin PBXFileReference section */
		2713358C1B97C35200D70EA3 /* FiveTest.app */ = {isa = PBXFileReference; explicitFileType = wrapper.application; includeInIndex = 0; path = FiveTest.app; sourceTree = BUILT_PRODUCTS_DIR; };
		271335901B97C35200D70EA3 /* Info.plist */ = {isa = PBXFileReference; lastKnownFileType = text.plist.xml; path = Info.plist; sourceTree = "<group>"; };
		271335911B97C35200D70EA3 /* AppDelegate.swift */ = {isa = PBXFileReference; lastKnownFileType = sourcecode.swift; path = AppDelegate.swift; sourceTree = "<group>"; };
		271335931B97C35200D70EA3 /* ViewController.swift */ = {isa = PBXFileReference; lastKnownFileType = sourcecode.swift; path = ViewController.swift; sourceTree = "<group>"; };
		271335961B97C35200D70EA3 /* Base */ = {isa = PBXFileReference; lastKnownFileType = file.storyboard; name = Base; path = Base.lproj/Main.storyboard; sourceTree = "<group>"; };
		271335981B97C35200D70EA3 /* Images.xcassets */ = {isa = PBXFileReference; lastKnownFileType = folder.assetcatalog; path = Images.xcassets; sourceTree = "<group>"; };
		2713359B1B97C35200D70EA3 /* Base */ = {isa = PBXFileReference; lastKnownFileType = file.xib; name = Base; path = Base.lproj/LaunchScreen.xib; sourceTree = "<group>"; };
		271335A11B97C35200D70EA3 /* FiveTestTests.xctest */ = {isa = PBXFileReference; explicitFileType = wrapper.cfbundle; includeInIndex = 0; path = FiveTestTests.xctest; sourceTree = BUILT_PRODUCTS_DIR; };
		271335A61B97C35200D70EA3 /* Info.plist */ = {isa = PBXFileReference; lastKnownFileType = text.plist.xml; path = Info.plist; sourceTree = "<group>"; };
		271335A71B97C35200D70EA3 /* FiveTestTests.swift */ = {isa = PBXFileReference; lastKnownFileType = sourcecode.swift; path = FiveTestTests.swift; sourceTree = "<group>"; };
		271335BF1B97C3C100D70EA3 /* AudioToolbox.framework */ = {isa = PBXFileReference; lastKnownFileType = wrapper.framework; name = AudioToolbox.framework; path = System/Library/Frameworks/AudioToolbox.framework; sourceTree = SDKROOT; };
		271335C11B97C3CB00D70EA3 /* CoreLocation.framework */ = {isa = PBXFileReference; lastKnownFileType = wrapper.framework; name = CoreLocation.framework; path = System/Library/Frameworks/CoreLocation.framework; sourceTree = SDKROOT; };
		271335C31B97C3D800D70EA3 /* CoreGraphics.framework */ = {isa = PBXFileReference; lastKnownFileType = wrapper.framework; name = CoreGraphics.framework; path = System/Library/Frameworks/CoreGraphics.framework; sourceTree = SDKROOT; };
		271335C51B97C3E100D70EA3 /* CFNetwork.framework */ = {isa = PBXFileReference; lastKnownFileType = wrapper.framework; name = CFNetwork.framework; path = System/Library/Frameworks/CFNetwork.framework; sourceTree = SDKROOT; };
		271335C71B97C3EE00D70EA3 /* QuartzCore.framework */ = {isa = PBXFileReference; lastKnownFileType = wrapper.framework; name = QuartzCore.framework; path = System/Library/Frameworks/QuartzCore.framework; sourceTree = SDKROOT; };
		271335C91B97C3F500D70EA3 /* Security.framework */ = {isa = PBXFileReference; lastKnownFileType = wrapper.framework; name = Security.framework; path = System/Library/Frameworks/Security.framework; sourceTree = SDKROOT; };
		271335CD1B97C40C00D70EA3 /* SystemConfiguration.framework */ = {isa = PBXFileReference; lastKnownFileType = wrapper.framework; name = SystemConfiguration.framework; path = System/Library/Frameworks/SystemConfiguration.framework; sourceTree = SDKROOT; };
		272CCB461BD57D290010E6DD /* libz.1.dylib */ = {isa = PBXFileReference; lastKnownFileType = "compiled.mach-o.dylib"; name = libz.1.dylib; path = ../../../../../usr/lib/libz.1.dylib; sourceTree = "<group>"; };
		272CCB491BD57EA10010E6DD /* libz.tbd */ = {isa = PBXFileReference; lastKnownFileType = "sourcecode.text-based-dylib-definition"; name = libz.tbd; path = usr/lib/libz.tbd; sourceTree = SDKROOT; };
		272CCB4B1BD57EB90010E6DD /* libsqlite3.tbd */ = {isa = PBXFileReference; lastKnownFileType = "sourcecode.text-based-dylib-definition"; name = libsqlite3.tbd; path = usr/lib/libsqlite3.tbd; sourceTree = SDKROOT; };
		273521BE1C3C4F8900722B0F /* UserButton.swift */ = {isa = PBXFileReference; fileEncoding = 4; lastKnownFileType = sourcecode.swift; path = UserButton.swift; sourceTree = "<group>"; };
		2755E0FC1BE0080F0005C19E /* LocationsDetailViewController.swift */ = {isa = PBXFileReference; fileEncoding = 4; lastKnownFileType = sourcecode.swift; path = LocationsDetailViewController.swift; sourceTree = "<group>"; };
		27B1E2021BE045C200ACA4B0 /* ModalViewController.swift */ = {isa = PBXFileReference; fileEncoding = 4; lastKnownFileType = sourcecode.swift; path = ModalViewController.swift; sourceTree = "<group>"; };
		27B1E2051BE146A400ACA4B0 /* EventController.swift */ = {isa = PBXFileReference; fileEncoding = 4; lastKnownFileType = sourcecode.swift; path = EventController.swift; sourceTree = "<group>"; };
		27C093AC1B98C5DC006C9FD4 /* CreateProfileViewController.swift */ = {isa = PBXFileReference; fileEncoding = 4; lastKnownFileType = sourcecode.swift; path = CreateProfileViewController.swift; sourceTree = "<group>"; };
		27C093AE1B98C5F0006C9FD4 /* CreateEventViewController.swift */ = {isa = PBXFileReference; fileEncoding = 4; lastKnownFileType = sourcecode.swift; path = CreateEventViewController.swift; sourceTree = "<group>"; };
		27C093B01B98C604006C9FD4 /* CalenderViewController.swift */ = {isa = PBXFileReference; fileEncoding = 4; lastKnownFileType = sourcecode.swift; path = CalenderViewController.swift; sourceTree = "<group>"; };
		27C093B21B98C80E006C9FD4 /* EventCell.swift */ = {isa = PBXFileReference; fileEncoding = 4; lastKnownFileType = sourcecode.swift; path = EventCell.swift; sourceTree = "<group>"; };
		27C093B41B98C8C1006C9FD4 /* Event.swift */ = {isa = PBXFileReference; fileEncoding = 4; lastKnownFileType = sourcecode.swift; path = Event.swift; sourceTree = "<group>"; };
		27C093B61B98C926006C9FD4 /* EventCollectionViewController.swift */ = {isa = PBXFileReference; fileEncoding = 4; lastKnownFileType = sourcecode.swift; path = EventCollectionViewController.swift; sourceTree = "<group>"; };
		27C093BA1B9910DE006C9FD4 /* CircularCollectionViewLayout.swift */ = {isa = PBXFileReference; fileEncoding = 4; lastKnownFileType = sourcecode.swift; path = CircularCollectionViewLayout.swift; sourceTree = "<group>"; };
		27C094D61BA0B98D006C9FD4 /* Profile.swift */ = {isa = PBXFileReference; fileEncoding = 4; lastKnownFileType = sourcecode.swift; path = Profile.swift; sourceTree = "<group>"; };
		27C094EC1BA0E154006C9FD4 /* Bolts.framework */ = {isa = PBXFileReference; lastKnownFileType = wrapper.framework; path = Bolts.framework; sourceTree = "<group>"; };
		27C094ED1BA0E154006C9FD4 /* Parse.framework */ = {isa = PBXFileReference; lastKnownFileType = wrapper.framework; path = Parse.framework; sourceTree = "<group>"; };
		27C094EE1BA0E154006C9FD4 /* ParseCrashReporting.framework */ = {isa = PBXFileReference; lastKnownFileType = wrapper.framework; path = ParseCrashReporting.framework; sourceTree = "<group>"; };
		27C094EF1BA0E154006C9FD4 /* ParseFacebookUtils.framework */ = {isa = PBXFileReference; lastKnownFileType = wrapper.framework; path = ParseFacebookUtils.framework; sourceTree = "<group>"; };
		27C094F01BA0E154006C9FD4 /* ParseFacebookUtilsV4.framework */ = {isa = PBXFileReference; lastKnownFileType = wrapper.framework; path = ParseFacebookUtilsV4.framework; sourceTree = "<group>"; };
		27C094F11BA0E154006C9FD4 /* ParseTwitterUtils.framework */ = {isa = PBXFileReference; lastKnownFileType = wrapper.framework; path = ParseTwitterUtils.framework; sourceTree = "<group>"; };
		27C094F21BA0E154006C9FD4 /* ParseUI.framework */ = {isa = PBXFileReference; lastKnownFileType = wrapper.framework; path = ParseUI.framework; sourceTree = "<group>"; };
		27C3159B1BB1EF7B008BD458 /* LocationsViewController.swift */ = {isa = PBXFileReference; fileEncoding = 4; lastKnownFileType = sourcecode.swift; path = LocationsViewController.swift; sourceTree = "<group>"; };
		27C3159D1BB20708008BD458 /* LocationCell.swift */ = {isa = PBXFileReference; fileEncoding = 4; lastKnownFileType = sourcecode.swift; path = LocationCell.swift; sourceTree = "<group>"; };
		27C37A8B1BC46E4100695FC5 /* EventCellTwo.swift */ = {isa = PBXFileReference; fileEncoding = 4; lastKnownFileType = sourcecode.swift; path = EventCellTwo.swift; sourceTree = "<group>"; };
		27D6A6431BE94EC0005383D8 /* ProfileViewController.swift */ = {isa = PBXFileReference; fileEncoding = 4; lastKnownFileType = sourcecode.swift; path = ProfileViewController.swift; sourceTree = "<group>"; };
		27FD45C71BB1ECFF002BCF13 /* Podfile */ = {isa = PBXFileReference; fileEncoding = 4; lastKnownFileType = text; path = Podfile; sourceTree = "<group>"; xcLanguageSpecificationIdentifier = xcode.lang.ruby; };
		8C92D8253861B693AA32C964 /* Pods.release.xcconfig */ = {isa = PBXFileReference; includeInIndex = 1; lastKnownFileType = text.xcconfig; name = Pods.release.xcconfig; path = "Pods/Target Support Files/Pods/Pods.release.xcconfig"; sourceTree = "<group>"; };
		8D7311EB91287F89EE08F26E /* Pods.debug.xcconfig */ = {isa = PBXFileReference; includeInIndex = 1; lastKnownFileType = text.xcconfig; name = Pods.debug.xcconfig; path = "Pods/Target Support Files/Pods/Pods.debug.xcconfig"; sourceTree = "<group>"; };
		C8C92DCD547CD24D37130338 /* Pods.framework */ = {isa = PBXFileReference; explicitFileType = wrapper.framework; includeInIndex = 0; path = Pods.framework; sourceTree = BUILT_PRODUCTS_DIR; };
/* End PBXFileReference section */

/* Begin PBXFrameworksBuildPhase section */
		271335891B97C35200D70EA3 /* Frameworks */ = {
			isa = PBXFrameworksBuildPhase;
			buildActionMask = 2147483647;
			files = (
				272CCB4C1BD57EB90010E6DD /* libsqlite3.tbd in Frameworks */,
				272CCB4A1BD57EA10010E6DD /* libz.tbd in Frameworks */,
				271335CE1B97C40C00D70EA3 /* SystemConfiguration.framework in Frameworks */,
				271335CA1B97C3F500D70EA3 /* Security.framework in Frameworks */,
				27C094F81BA0E154006C9FD4 /* ParseTwitterUtils.framework in Frameworks */,
				27C094F91BA0E154006C9FD4 /* ParseUI.framework in Frameworks */,
				271335C81B97C3EE00D70EA3 /* QuartzCore.framework in Frameworks */,
				271335C61B97C3E100D70EA3 /* CFNetwork.framework in Frameworks */,
				271335C41B97C3D800D70EA3 /* CoreGraphics.framework in Frameworks */,
				271335C21B97C3CB00D70EA3 /* CoreLocation.framework in Frameworks */,
				271335C01B97C3C100D70EA3 /* AudioToolbox.framework in Frameworks */,
				27C094F71BA0E154006C9FD4 /* ParseFacebookUtilsV4.framework in Frameworks */,
				27C094F51BA0E154006C9FD4 /* ParseCrashReporting.framework in Frameworks */,
				27C094F61BA0E154006C9FD4 /* ParseFacebookUtils.framework in Frameworks */,
				27C094F41BA0E154006C9FD4 /* Parse.framework in Frameworks */,
				27C094F31BA0E154006C9FD4 /* Bolts.framework in Frameworks */,
				EED1A70A031D6FAB609DE1FB /* Pods.framework in Frameworks */,
			);
			runOnlyForDeploymentPostprocessing = 0;
		};
		2713359E1B97C35200D70EA3 /* Frameworks */ = {
			isa = PBXFrameworksBuildPhase;
			buildActionMask = 2147483647;
			files = (
			);
			runOnlyForDeploymentPostprocessing = 0;
		};
/* End PBXFrameworksBuildPhase section */

/* Begin PBXGroup section */
		271335831B97C35200D70EA3 = {
			isa = PBXGroup;
			children = (
				27FD45C71BB1ECFF002BCF13 /* Podfile */,
				27C094EB1BA0E154006C9FD4 /* parse-library-1 */,
				271335CD1B97C40C00D70EA3 /* SystemConfiguration.framework */,
				271335C91B97C3F500D70EA3 /* Security.framework */,
				271335C71B97C3EE00D70EA3 /* QuartzCore.framework */,
				271335C51B97C3E100D70EA3 /* CFNetwork.framework */,
				271335C31B97C3D800D70EA3 /* CoreGraphics.framework */,
				271335C11B97C3CB00D70EA3 /* CoreLocation.framework */,
				271335BF1B97C3C100D70EA3 /* AudioToolbox.framework */,
				2713358E1B97C35200D70EA3 /* FiveTest */,
				271335A41B97C35200D70EA3 /* FiveTestTests */,
				2713358D1B97C35200D70EA3 /* Products */,
				61049CE5FC53677AA424B953 /* Pods */,
				84B258674CDBA023E3B01378 /* Frameworks */,
			);
			sourceTree = "<group>";
		};
		2713358D1B97C35200D70EA3 /* Products */ = {
			isa = PBXGroup;
			children = (
				2713358C1B97C35200D70EA3 /* FiveTest.app */,
				271335A11B97C35200D70EA3 /* FiveTestTests.xctest */,
			);
			name = Products;
			sourceTree = "<group>";
		};
		2713358E1B97C35200D70EA3 /* FiveTest */ = {
			isa = PBXGroup;
			children = (
				271335911B97C35200D70EA3 /* AppDelegate.swift */,
				271335931B97C35200D70EA3 /* ViewController.swift */,
				27C093B61B98C926006C9FD4 /* EventCollectionViewController.swift */,
				27B1E2021BE045C200ACA4B0 /* ModalViewController.swift */,
				27C093AC1B98C5DC006C9FD4 /* CreateProfileViewController.swift */,
				27C093AE1B98C5F0006C9FD4 /* CreateEventViewController.swift */,
				27C093B01B98C604006C9FD4 /* CalenderViewController.swift */,
				27C093BA1B9910DE006C9FD4 /* CircularCollectionViewLayout.swift */,
				27C3159B1BB1EF7B008BD458 /* LocationsViewController.swift */,
				2755E0FC1BE0080F0005C19E /* LocationsDetailViewController.swift */,
				27D6A6431BE94EC0005383D8 /* ProfileViewController.swift */,
				27B1E2041BE1468700ACA4B0 /* New Group */,
				27C315A01BB2138A008BD458 /* Custom Views */,
				27C3159F1BB21368008BD458 /* Parse Models */,
				271335951B97C35200D70EA3 /* Main.storyboard */,
				271335981B97C35200D70EA3 /* Images.xcassets */,
				2713359A1B97C35200D70EA3 /* LaunchScreen.xib */,
				2713358F1B97C35200D70EA3 /* Supporting Files */,
			);
			path = FiveTest;
			sourceTree = "<group>";
		};
		2713358F1B97C35200D70EA3 /* Supporting Files */ = {
			isa = PBXGroup;
			children = (
				271335901B97C35200D70EA3 /* Info.plist */,
			);
			name = "Supporting Files";
			sourceTree = "<group>";
		};
		271335A41B97C35200D70EA3 /* FiveTestTests */ = {
			isa = PBXGroup;
			children = (
				271335A71B97C35200D70EA3 /* FiveTestTests.swift */,
				271335A51B97C35200D70EA3 /* Supporting Files */,
			);
			path = FiveTestTests;
			sourceTree = "<group>";
		};
		271335A51B97C35200D70EA3 /* Supporting Files */ = {
			isa = PBXGroup;
			children = (
				271335A61B97C35200D70EA3 /* Info.plist */,
			);
			name = "Supporting Files";
			sourceTree = "<group>";
		};
		27B1E2041BE1468700ACA4B0 /* New Group */ = {
			isa = PBXGroup;
			children = (
				27B1E2051BE146A400ACA4B0 /* EventController.swift */,
			);
			name = "New Group";
			sourceTree = "<group>";
		};
		27C094EB1BA0E154006C9FD4 /* parse-library-1 */ = {
			isa = PBXGroup;
			children = (
				27C094EC1BA0E154006C9FD4 /* Bolts.framework */,
				27C094ED1BA0E154006C9FD4 /* Parse.framework */,
				27C094EE1BA0E154006C9FD4 /* ParseCrashReporting.framework */,
				27C094EF1BA0E154006C9FD4 /* ParseFacebookUtils.framework */,
				27C094F01BA0E154006C9FD4 /* ParseFacebookUtilsV4.framework */,
				27C094F11BA0E154006C9FD4 /* ParseTwitterUtils.framework */,
				27C094F21BA0E154006C9FD4 /* ParseUI.framework */,
			);
			path = "parse-library-1";
			sourceTree = "<group>";
		};
		27C3159F1BB21368008BD458 /* Parse Models */ = {
			isa = PBXGroup;
			children = (
				27C093B41B98C8C1006C9FD4 /* Event.swift */,
				27C094D61BA0B98D006C9FD4 /* Profile.swift */,
			);
			name = "Parse Models";
			sourceTree = "<group>";
		};
		27C315A01BB2138A008BD458 /* Custom Views */ = {
			isa = PBXGroup;
			children = (
				27C093B21B98C80E006C9FD4 /* EventCell.swift */,
				27C3159D1BB20708008BD458 /* LocationCell.swift */,
				27C37A8B1BC46E4100695FC5 /* EventCellTwo.swift */,
				273521BE1C3C4F8900722B0F /* UserButton.swift */,
			);
			name = "Custom Views";
			sourceTree = "<group>";
		};
		61049CE5FC53677AA424B953 /* Pods */ = {
			isa = PBXGroup;
			children = (
				8D7311EB91287F89EE08F26E /* Pods.debug.xcconfig */,
				8C92D8253861B693AA32C964 /* Pods.release.xcconfig */,
			);
			name = Pods;
			sourceTree = "<group>";
		};
		84B258674CDBA023E3B01378 /* Frameworks */ = {
			isa = PBXGroup;
			children = (
				272CCB4B1BD57EB90010E6DD /* libsqlite3.tbd */,
				272CCB491BD57EA10010E6DD /* libz.tbd */,
				272CCB461BD57D290010E6DD /* libz.1.dylib */,
				C8C92DCD547CD24D37130338 /* Pods.framework */,
			);
			name = Frameworks;
			sourceTree = "<group>";
		};
/* End PBXGroup section */

/* Begin PBXNativeTarget section */
		2713358B1B97C35200D70EA3 /* FiveTest */ = {
			isa = PBXNativeTarget;
			buildConfigurationList = 271335AB1B97C35200D70EA3 /* Build configuration list for PBXNativeTarget "FiveTest" */;
			buildPhases = (
				51FB15FC018ADB761D87A9CF /* Check Pods Manifest.lock */,
				271335881B97C35200D70EA3 /* Sources */,
				271335891B97C35200D70EA3 /* Frameworks */,
				2713358A1B97C35200D70EA3 /* Resources */,
				4FFA5A85AE5D55328BED0C20 /* Embed Pods Frameworks */,
				142856A213322D1F262D6F5B /* Copy Pods Resources */,
			);
			buildRules = (
			);
			dependencies = (
			);
			name = FiveTest;
			productName = FiveTest;
			productReference = 2713358C1B97C35200D70EA3 /* FiveTest.app */;
			productType = "com.apple.product-type.application";
		};
		271335A01B97C35200D70EA3 /* FiveTestTests */ = {
			isa = PBXNativeTarget;
			buildConfigurationList = 271335AE1B97C35200D70EA3 /* Build configuration list for PBXNativeTarget "FiveTestTests" */;
			buildPhases = (
				2713359D1B97C35200D70EA3 /* Sources */,
				2713359E1B97C35200D70EA3 /* Frameworks */,
				2713359F1B97C35200D70EA3 /* Resources */,
			);
			buildRules = (
			);
			dependencies = (
				271335A31B97C35200D70EA3 /* PBXTargetDependency */,
			);
			name = FiveTestTests;
			productName = FiveTestTests;
			productReference = 271335A11B97C35200D70EA3 /* FiveTestTests.xctest */;
			productType = "com.apple.product-type.bundle.unit-test";
		};
/* End PBXNativeTarget section */

/* Begin PBXProject section */
		271335841B97C35200D70EA3 /* Project object */ = {
			isa = PBXProject;
			attributes = {
				LastSwiftUpdateCheck = 0700;
				LastUpgradeCheck = 0700;
				ORGANIZATIONNAME = "Ethan Hess";
				TargetAttributes = {
					2713358B1B97C35200D70EA3 = {
						CreatedOnToolsVersion = 6.4;
						DevelopmentTeam = 63ARTNG4RQ;
						SystemCapabilities = {
							com.apple.InAppPurchase = {
								enabled = 0;
							};
						};
					};
					271335A01B97C35200D70EA3 = {
						CreatedOnToolsVersion = 6.4;
						TestTargetID = 2713358B1B97C35200D70EA3;
					};
				};
			};
			buildConfigurationList = 271335871B97C35200D70EA3 /* Build configuration list for PBXProject "FiveTest" */;
			compatibilityVersion = "Xcode 3.2";
			developmentRegion = English;
			hasScannedForEncodings = 0;
			knownRegions = (
				en,
				Base,
			);
			mainGroup = 271335831B97C35200D70EA3;
			productRefGroup = 2713358D1B97C35200D70EA3 /* Products */;
			projectDirPath = "";
			projectRoot = "";
			targets = (
				2713358B1B97C35200D70EA3 /* FiveTest */,
				271335A01B97C35200D70EA3 /* FiveTestTests */,
			);
		};
/* End PBXProject section */

/* Begin PBXResourcesBuildPhase section */
		2713358A1B97C35200D70EA3 /* Resources */ = {
			isa = PBXResourcesBuildPhase;
			buildActionMask = 2147483647;
			files = (
				271335971B97C35200D70EA3 /* Main.storyboard in Resources */,
				2713359C1B97C35200D70EA3 /* LaunchScreen.xib in Resources */,
				27FD45C81BB1ECFF002BCF13 /* Podfile in Resources */,
				271335991B97C35200D70EA3 /* Images.xcassets in Resources */,
			);
			runOnlyForDeploymentPostprocessing = 0;
		};
		2713359F1B97C35200D70EA3 /* Resources */ = {
			isa = PBXResourcesBuildPhase;
			buildActionMask = 2147483647;
			files = (
			);
			runOnlyForDeploymentPostprocessing = 0;
		};
/* End PBXResourcesBuildPhase section */

/* Begin PBXShellScriptBuildPhase section */
		142856A213322D1F262D6F5B /* Copy Pods Resources */ = {
			isa = PBXShellScriptBuildPhase;
			buildActionMask = 2147483647;
			files = (
			);
			inputPaths = (
			);
			name = "Copy Pods Resources";
			outputPaths = (
			);
			runOnlyForDeploymentPostprocessing = 0;
			shellPath = /bin/sh;
			shellScript = "\"${SRCROOT}/Pods/Target Support Files/Pods/Pods-resources.sh\"\n";
			showEnvVarsInLog = 0;
		};
		4FFA5A85AE5D55328BED0C20 /* Embed Pods Frameworks */ = {
			isa = PBXShellScriptBuildPhase;
			buildActionMask = 2147483647;
			files = (
			);
			inputPaths = (
			);
			name = "Embed Pods Frameworks";
			outputPaths = (
			);
			runOnlyForDeploymentPostprocessing = 0;
			shellPath = /bin/sh;
			shellScript = "\"${SRCROOT}/Pods/Target Support Files/Pods/Pods-frameworks.sh\"\n";
			showEnvVarsInLog = 0;
		};
		51FB15FC018ADB761D87A9CF /* Check Pods Manifest.lock */ = {
			isa = PBXShellScriptBuildPhase;
			buildActionMask = 2147483647;
			files = (
			);
			inputPaths = (
			);
			name = "Check Pods Manifest.lock";
			outputPaths = (
			);
			runOnlyForDeploymentPostprocessing = 0;
			shellPath = /bin/sh;
			shellScript = "diff \"${PODS_ROOT}/../Podfile.lock\" \"${PODS_ROOT}/Manifest.lock\" > /dev/null\nif [[ $? != 0 ]] ; then\n    cat << EOM\nerror: The sandbox is not in sync with the Podfile.lock. Run 'pod install' or update your CocoaPods installation.\nEOM\n    exit 1\nfi\n";
			showEnvVarsInLog = 0;
		};
/* End PBXShellScriptBuildPhase section */

/* Begin PBXSourcesBuildPhase section */
		271335881B97C35200D70EA3 /* Sources */ = {
			isa = PBXSourcesBuildPhase;
			buildActionMask = 2147483647;
			files = (
				27C37A8C1BC46E4100695FC5 /* EventCellTwo.swift in Sources */,
				27B1E2031BE045C200ACA4B0 /* ModalViewController.swift in Sources */,
				27C093B51B98C8C1006C9FD4 /* Event.swift in Sources */,
				27C094D71BA0B98D006C9FD4 /* Profile.swift in Sources */,
				27C093B11B98C604006C9FD4 /* CalenderViewController.swift in Sources */,
				27C093AD1B98C5DC006C9FD4 /* CreateProfileViewController.swift in Sources */,
				27B1E2061BE146A400ACA4B0 /* EventController.swift in Sources */,
				27D6A6441BE94EC0005383D8 /* ProfileViewController.swift in Sources */,
				27C3159C1BB1EF7B008BD458 /* LocationsViewController.swift in Sources */,
				27C093BB1B9910DE006C9FD4 /* CircularCollectionViewLayout.swift in Sources */,
				27C3159E1BB20708008BD458 /* LocationCell.swift in Sources */,
				27C093B71B98C926006C9FD4 /* EventCollectionViewController.swift in Sources */,
				271335941B97C35200D70EA3 /* ViewController.swift in Sources */,
				2755E0FD1BE0080F0005C19E /* LocationsDetailViewController.swift in Sources */,
				27C093AF1B98C5F0006C9FD4 /* CreateEventViewController.swift in Sources */,
				271335921B97C35200D70EA3 /* AppDelegate.swift in Sources */,
				273521BF1C3C4F8900722B0F /* UserButton.swift in Sources */,
				27C093B31B98C80E006C9FD4 /* EventCell.swift in Sources */,
			);
			runOnlyForDeploymentPostprocessing = 0;
		};
		2713359D1B97C35200D70EA3 /* Sources */ = {
			isa = PBXSourcesBuildPhase;
			buildActionMask = 2147483647;
			files = (
				271335A81B97C35200D70EA3 /* FiveTestTests.swift in Sources */,
			);
			runOnlyForDeploymentPostprocessing = 0;
		};
/* End PBXSourcesBuildPhase section */

/* Begin PBXTargetDependency section */
		271335A31B97C35200D70EA3 /* PBXTargetDependency */ = {
			isa = PBXTargetDependency;
			target = 2713358B1B97C35200D70EA3 /* FiveTest */;
			targetProxy = 271335A21B97C35200D70EA3 /* PBXContainerItemProxy */;
		};
/* End PBXTargetDependency section */

/* Begin PBXVariantGroup section */
		271335951B97C35200D70EA3 /* Main.storyboard */ = {
			isa = PBXVariantGroup;
			children = (
				271335961B97C35200D70EA3 /* Base */,
			);
			name = Main.storyboard;
			sourceTree = "<group>";
		};
		2713359A1B97C35200D70EA3 /* LaunchScreen.xib */ = {
			isa = PBXVariantGroup;
			children = (
				2713359B1B97C35200D70EA3 /* Base */,
			);
			name = LaunchScreen.xib;
			sourceTree = "<group>";
		};
/* End PBXVariantGroup section */

/* Begin XCBuildConfiguration section */
		271335A91B97C35200D70EA3 /* Debug */ = {
			isa = XCBuildConfiguration;
			buildSettings = {
				ALWAYS_SEARCH_USER_PATHS = NO;
				CLANG_CXX_LANGUAGE_STANDARD = "gnu++0x";
				CLANG_CXX_LIBRARY = "libc++";
				CLANG_ENABLE_MODULES = YES;
				CLANG_ENABLE_OBJC_ARC = YES;
				CLANG_WARN_BOOL_CONVERSION = YES;
				CLANG_WARN_CONSTANT_CONVERSION = YES;
				CLANG_WARN_DIRECT_OBJC_ISA_USAGE = YES_ERROR;
				CLANG_WARN_EMPTY_BODY = YES;
				CLANG_WARN_ENUM_CONVERSION = YES;
				CLANG_WARN_INT_CONVERSION = YES;
				CLANG_WARN_OBJC_ROOT_CLASS = YES_ERROR;
				CLANG_WARN_UNREACHABLE_CODE = YES;
				CLANG_WARN__DUPLICATE_METHOD_MATCH = YES;
				"CODE_SIGN_IDENTITY[sdk=iphoneos*]" = "iPhone Developer";
				COPY_PHASE_STRIP = NO;
				DEBUG_INFORMATION_FORMAT = "dwarf-with-dsym";
				ENABLE_STRICT_OBJC_MSGSEND = YES;
				ENABLE_TESTABILITY = YES;
				GCC_C_LANGUAGE_STANDARD = gnu99;
				GCC_DYNAMIC_NO_PIC = NO;
				GCC_NO_COMMON_BLOCKS = YES;
				GCC_OPTIMIZATION_LEVEL = 0;
				GCC_PREPROCESSOR_DEFINITIONS = (
					"DEBUG=1",
					"$(inherited)",
				);
				GCC_SYMBOLS_PRIVATE_EXTERN = NO;
				GCC_WARN_64_TO_32_BIT_CONVERSION = YES;
				GCC_WARN_ABOUT_RETURN_TYPE = YES_ERROR;
				GCC_WARN_UNDECLARED_SELECTOR = YES;
				GCC_WARN_UNINITIALIZED_AUTOS = YES_AGGRESSIVE;
				GCC_WARN_UNUSED_FUNCTION = YES;
				GCC_WARN_UNUSED_VARIABLE = YES;
				IPHONEOS_DEPLOYMENT_TARGET = 9.0;
				MTL_ENABLE_DEBUG_INFO = YES;
				ONLY_ACTIVE_ARCH = YES;
				OTHER_LDFLAGS = "";
				"OTHER_LDFLAGS[arch=*]" = "";
				SDKROOT = iphoneos;
				SWIFT_OPTIMIZATION_LEVEL = "-Onone";
			};
			name = Debug;
		};
		271335AA1B97C35200D70EA3 /* Release */ = {
			isa = XCBuildConfiguration;
			buildSettings = {
				ALWAYS_SEARCH_USER_PATHS = NO;
				CLANG_CXX_LANGUAGE_STANDARD = "gnu++0x";
				CLANG_CXX_LIBRARY = "libc++";
				CLANG_ENABLE_MODULES = YES;
				CLANG_ENABLE_OBJC_ARC = YES;
				CLANG_WARN_BOOL_CONVERSION = YES;
				CLANG_WARN_CONSTANT_CONVERSION = YES;
				CLANG_WARN_DIRECT_OBJC_ISA_USAGE = YES_ERROR;
				CLANG_WARN_EMPTY_BODY = YES;
				CLANG_WARN_ENUM_CONVERSION = YES;
				CLANG_WARN_INT_CONVERSION = YES;
				CLANG_WARN_OBJC_ROOT_CLASS = YES_ERROR;
				CLANG_WARN_UNREACHABLE_CODE = YES;
				CLANG_WARN__DUPLICATE_METHOD_MATCH = YES;
				"CODE_SIGN_IDENTITY[sdk=iphoneos*]" = "iPhone Developer";
				COPY_PHASE_STRIP = NO;
				DEBUG_INFORMATION_FORMAT = "dwarf-with-dsym";
				ENABLE_NS_ASSERTIONS = NO;
				ENABLE_STRICT_OBJC_MSGSEND = YES;
				GCC_C_LANGUAGE_STANDARD = gnu99;
				GCC_NO_COMMON_BLOCKS = YES;
				GCC_WARN_64_TO_32_BIT_CONVERSION = YES;
				GCC_WARN_ABOUT_RETURN_TYPE = YES_ERROR;
				GCC_WARN_UNDECLARED_SELECTOR = YES;
				GCC_WARN_UNINITIALIZED_AUTOS = YES_AGGRESSIVE;
				GCC_WARN_UNUSED_FUNCTION = YES;
				GCC_WARN_UNUSED_VARIABLE = YES;
				IPHONEOS_DEPLOYMENT_TARGET = 9.0;
				MTL_ENABLE_DEBUG_INFO = NO;
				OTHER_LDFLAGS = "";
				SDKROOT = iphoneos;
				VALIDATE_PRODUCT = YES;
			};
			name = Release;
		};
		271335AC1B97C35200D70EA3 /* Debug */ = {
			isa = XCBuildConfiguration;
			baseConfigurationReference = 8D7311EB91287F89EE08F26E /* Pods.debug.xcconfig */;
			buildSettings = {
				ASSETCATALOG_COMPILER_APPICON_NAME = AppIcon;
				CODE_SIGN_IDENTITY = "iPhone Developer";
				"CODE_SIGN_IDENTITY[sdk=iphoneos*]" = "iPhone Developer";
				FRAMEWORK_SEARCH_PATHS = (
					"$(inherited)",
					"/Users/ethanhess/Downloads/parse-library-1-3",
					"$(PROJECT_DIR)/parse-library-1",
				);
				INFOPLIST_FILE = FiveTest/Info.plist;
				LD_RUNPATH_SEARCH_PATHS = "$(inherited) @executable_path/Frameworks";
				"OTHER_LDFLAGS[arch=*]" = (
					"$(inherited)",
					"-l\"c++\"",
					"-l\"icucore\"",
					"-l\"z\"",
					"-framework",
					"\"AFNetworking\"",
					"-framework",
					"\"AVFoundation\"",
					"-framework",
					"\"Accelerate\"",
					"-framework",
					"\"CoreBluetooth\"",
					"-framework",
					"\"CoreData\"",
					"-framework",
					"\"CoreGraphics\"",
					"-framework",
					"\"CoreLocation\"",
					"-framework",
					"\"CoreText\"",
					"-framework",
					"\"GLKit\"",
					"-framework",
					"\"GoogleMaps\"",
					"-framework",
					"\"ImageIO\"",
					"-framework",
					"\"OpenGLES\"",
					"-framework",
					"\"QuartzCore\"",
					"-framework",
					"\"Security\"",
					"-framework",
					"\"SystemConfiguration\"",
				);
				PRODUCT_BUNDLE_IDENTIFIER = "com.devmountain.$(PRODUCT_NAME:rfc1034identifier)";
				PRODUCT_NAME = "$(TARGET_NAME)";
				PROVISIONING_PROFILE = "";
			};
			name = Debug;
		};
		271335AD1B97C35200D70EA3 /* Release */ = {
			isa = XCBuildConfiguration;
			baseConfigurationReference = 8C92D8253861B693AA32C964 /* Pods.release.xcconfig */;
			buildSettings = {
				ASSETCATALOG_COMPILER_APPICON_NAME = AppIcon;
				CODE_SIGN_IDENTITY = "iPhone Developer";
				"CODE_SIGN_IDENTITY[sdk=iphoneos*]" = "iPhone Developer";
				FRAMEWORK_SEARCH_PATHS = (
					"$(inherited)",
					"/Users/ethanhess/Downloads/parse-library-1-3",
					"$(PROJECT_DIR)/parse-library-1",
				);
				INFOPLIST_FILE = FiveTest/Info.plist;
				LD_RUNPATH_SEARCH_PATHS = "$(inherited) @executable_path/Frameworks";
				"OTHER_LDFLAGS[arch=*]" = (
					"$(inherited)",
					"-l\"c++\"",
					"-l\"icucore\"",
					"-l\"z\"",
					"-framework",
					"\"AFNetworking\"",
					"-framework",
					"\"AVFoundation\"",
					"-framework",
					"\"Accelerate\"",
					"-framework",
					"\"CoreBluetooth\"",
					"-framework",
					"\"CoreData\"",
					"-framework",
					"\"CoreGraphics\"",
					"-framework",
					"\"CoreLocation\"",
					"-framework",
					"\"CoreText\"",
					"-framework",
					"\"GLKit\"",
					"-framework",
					"\"GoogleMaps\"",
					"-framework",
					"\"ImageIO\"",
					"-framework",
					"\"OpenGLES\"",
					"-framework",
					"\"QuartzCore\"",
					"-framework",
					"\"Security\"",
					"-framework",
					"\"SystemConfiguration\"",
				);
				PRODUCT_BUNDLE_IDENTIFIER = "com.devmountain.$(PRODUCT_NAME:rfc1034identifier)";
				PRODUCT_NAME = "$(TARGET_NAME)";
				PROVISIONING_PROFILE = "";
			};
			name = Release;
		};
		271335AF1B97C35200D70EA3 /* Debug */ = {
			isa = XCBuildConfiguration;
			buildSettings = {
				BUNDLE_LOADER = "$(TEST_HOST)";
				FRAMEWORK_SEARCH_PATHS = (
					"$(SDKROOT)/Developer/Library/Frameworks",
					"$(inherited)",
				);
				GCC_PREPROCESSOR_DEFINITIONS = (
					"DEBUG=1",
					"$(inherited)",
				);
				INFOPLIST_FILE = FiveTestTests/Info.plist;
				LD_RUNPATH_SEARCH_PATHS = "$(inherited) @executable_path/Frameworks @loader_path/Frameworks";
				PRODUCT_BUNDLE_IDENTIFIER = "com.devmountain.$(PRODUCT_NAME:rfc1034identifier)";
				PRODUCT_NAME = "$(TARGET_NAME)";
				TEST_HOST = "$(BUILT_PRODUCTS_DIR)/FiveTest.app/FiveTest";
			};
			name = Debug;
		};
		271335B01B97C35200D70EA3 /* Release */ = {
			isa = XCBuildConfiguration;
			buildSettings = {
				BUNDLE_LOADER = "$(TEST_HOST)";
				FRAMEWORK_SEARCH_PATHS = (
					"$(SDKROOT)/Developer/Library/Frameworks",
					"$(inherited)",
				);
				INFOPLIST_FILE = FiveTestTests/Info.plist;
				LD_RUNPATH_SEARCH_PATHS = "$(inherited) @executable_path/Frameworks @loader_path/Frameworks";
				PRODUCT_BUNDLE_IDENTIFIER = "com.devmountain.$(PRODUCT_NAME:rfc1034identifier)";
				PRODUCT_NAME = "$(TARGET_NAME)";
				TEST_HOST = "$(BUILT_PRODUCTS_DIR)/FiveTest.app/FiveTest";
			};
			name = Release;
		};
/* End XCBuildConfiguration section */

/* Begin XCConfigurationList section */
		271335871B97C35200D70EA3 /* Build configuration list for PBXProject "FiveTest" */ = {
			isa = XCConfigurationList;
			buildConfigurations = (
				271335A91B97C35200D70EA3 /* Debug */,
				271335AA1B97C35200D70EA3 /* Release */,
			);
			defaultConfigurationIsVisible = 0;
			defaultConfigurationName = Release;
		};
		271335AB1B97C35200D70EA3 /* Build configuration list for PBXNativeTarget "FiveTest" */ = {
			isa = XCConfigurationList;
			buildConfigurations = (
				271335AC1B97C35200D70EA3 /* Debug */,
				271335AD1B97C35200D70EA3 /* Release */,
			);
			defaultConfigurationIsVisible = 0;
			defaultConfigurationName = Release;
		};
		271335AE1B97C35200D70EA3 /* Build configuration list for PBXNativeTarget "FiveTestTests" */ = {
			isa = XCConfigurationList;
			buildConfigurations = (
				271335AF1B97C35200D70EA3 /* Debug */,
				271335B01B97C35200D70EA3 /* Release */,
			);
			defaultConfigurationIsVisible = 0;
			defaultConfigurationName = Release;
		};
/* End XCConfigurationList section */
	};
	rootObject = 271335841B97C35200D70EA3 /* Project object */;
}
